{
  "projects": [
    {
      "projectId": "9Vr5YWkf3w7jj6SsTcCEta",
      "version": "0.10.0",
      "dependencies": {},
      "lang": "ts",
      "fileLocks": [
        {
          "assetId": "9Vr5YWkf3w7jj6SsTcCEta",
          "type": "projectCss",
          "checksum": "e1ec850476829c38b0f9b6d4f7ac446a"
        }
      ],
      "codegenVersion": "0.0.1"
    },
    {
      "projectId": "jkU633o1Cz7HrJdwdxhVHk",
      "version": "16.10.0",
      "dependencies": {},
      "lang": "ts",
      "fileLocks": [
        {
          "assetId": "jkU633o1Cz7HrJdwdxhVHk",
          "type": "projectCss",
          "checksum": "0581d4378bb1604bb5fe3f65bb0a37de"
        }
      ],
      "codegenVersion": "0.0.1"
    },
    {
      "projectId": "ohDidvG9XsCeFumugENU3J",
      "version": "6.24.0",
      "dependencies": {},
      "lang": "ts",
      "fileLocks": [
        {
          "assetId": "ohDidvG9XsCeFumugENU3J",
          "type": "projectCss",
          "checksum": "fd83b730367fdbde2c69bc6cf31c2a3c"
        },
        {
          "assetId": "ohDidvG9XsCeFumugENU3J",
          "checksum": "de0a0e65174a6a185a8f822af51c6bdd",
          "type": "globalContexts"
        }
      ],
      "codegenVersion": "0.0.1"
    },
    {
      "projectId": "mh4NbnE6PKMRW2ALVPKp4a",
      "version": "latest",
      "dependencies": {
        "ohDidvG9XsCeFumugENU3J": "6.24.0",
        "jkU633o1Cz7HrJdwdxhVHk": "16.10.0",
        "9Vr5YWkf3w7jj6SsTcCEta": "0.10.0"
      },
      "lang": "ts",
      "fileLocks": [
        {
          "type": "globalVariant",
          "assetId": "ltzIRTJxOMX2",
          "checksum": "d02c5688471ac94b443bef3e068be92f"
        },
        {
          "assetId": "mh4NbnE6PKMRW2ALVPKp4a",
          "type": "projectCss",
          "checksum": "de797379585d1961207976399aec130f"
        },
        {
          "assetId": "mh4NbnE6PKMRW2ALVPKp4a",
          "checksum": "e3f1251180f469504cdb67f3971544bb",
          "type": "globalContexts"
        },
        {
          "type": "renderModule",
          "assetId": "OJzgv7lXyD0I",
          "checksum": "dbf316de416ca807c43625c3f0c40de2"
        },
        {
          "type": "cssRules",
          "assetId": "OJzgv7lXyD0I",
          "checksum": "dbf316de416ca807c43625c3f0c40de2"
        },
        {
          "type": "renderModule",
          "assetId": "n_EE_khpzsQF",
          "checksum": "0c566ae95895bd38a35424b73e439b2f"
        },
        {
          "type": "cssRules",
          "assetId": "n_EE_khpzsQF",
          "checksum": "0c566ae95895bd38a35424b73e439b2f"
        },
        {
          "type": "icon",
          "assetId": "Y9ugyYzyIcVR",
          "checksum": "dab62d644c4dec87b6f45ed816658369"
        },
        {
          "type": "icon",
          "assetId": "ZdFkGSQK7mOb",
          "checksum": "15bba7015ad26be9aae89a319550dcce"
        },
        {
          "type": "icon",
          "assetId": "2pcxl9Y8iN5b",
          "checksum": "357a645bbb90d637953a3a00ef2df458"
        },
        {
          "type": "icon",
          "assetId": "JZkT4khKqhEq",
          "checksum": "45a468ea6cf0794932097eccde5fcc06"
        },
        {
          "type": "icon",
          "assetId": "TTXgd4I1jiu7",
          "checksum": "9804e42209a618df80046716892a0977"
        },
        {
          "type": "icon",
          "assetId": "MsQp8C7HxteH",
          "checksum": "531a34e90e0248a598ceb1c9d2676011"
        },
        {
          "type": "icon",
          "assetId": "dKE5OIuni7l4",
          "checksum": "ea79b2e3c5819c5b973571fa4b288782"
        },
        {
          "type": "icon",
          "assetId": "2vQLVxbz1i5B",
          "checksum": "05f15d93002b5d4b700346fa2f1bd8b6"
        },
        {
          "type": "icon",
          "assetId": "2IvSWOUQmZcN",
          "checksum": "a191439ed9912c41da51d52851703566"
        },
        {
          "type": "icon",
          "assetId": "u_DJzxaSZAKH",
          "checksum": "c2adec1e97abbf2ca50f25d0583abc21"
        },
        {
          "type": "icon",
          "assetId": "-DrZITOz2g2d",
          "checksum": "6eaca7d98c2003ceada6e141f78b35b3"
        },
        {
          "type": "icon",
          "assetId": "xDk-rNEuvqeH",
          "checksum": "3e99794c9131dadcf6274d2c2220fcff"
        },
        {
          "type": "icon",
          "assetId": "xYLG3eOxe-_T",
          "checksum": "531feccb230f1ffc7e21f2500e6d21b1"
        },
        {
          "type": "icon",
          "assetId": "7ZfyjMfwLkjn",
          "checksum": "3811ca50a50b3a27b57fd731ba296d6c"
        },
        {
          "type": "icon",
          "assetId": "Grrak85ZS-YT",
          "checksum": "9b3a8e63c42feb3e5bfe947bfe98720c"
        },
        {
          "type": "icon",
          "assetId": "VljwA_VxLATo",
          "checksum": "f1ad3613b9213047fcac5e300ddfbcfb"
        },
        {
          "type": "icon",
          "assetId": "3JUotBp0lHPj",
          "checksum": "f0bf8afa6c948885213bc12a0c7e0f14"
        },
        {
          "type": "icon",
          "assetId": "v7yTcL_4tuOy",
          "checksum": "1b0fa50575bfce946dd5eeda71501cb0"
        },
        {
          "type": "icon",
          "assetId": "1ldxx8wHXnzk",
          "checksum": "69dc188e733eabb179d53aea14b773e3"
        },
        {
          "type": "icon",
          "assetId": "5FLAttYbF4Ma",
          "checksum": "f83bc75371a540562a5377e7739db54f"
        },
        {
          "type": "icon",
          "assetId": "h-f51FHLpFcC",
          "checksum": "75ca3b9c5671efd5aa873d68964a6fc6"
        },
        {
          "type": "icon",
          "assetId": "I0z99EUQ9w1q",
          "checksum": "56a6e9215092381da128055be420a2be"
        },
        {
          "type": "icon",
          "assetId": "Y8CM7YaC7TPr",
          "checksum": "9f1c7c6e12c426e6302ab7885a6723ec"
        },
        {
          "type": "icon",
          "assetId": "BuKhFsDF_g_S",
          "checksum": "107609cf4b0b847dfb57119563f7804d"
        },
        {
          "type": "icon",
          "assetId": "c6gbJVfHWc4c",
          "checksum": "8fc82df0db1297f73a13cfd2169443af"
        },
        {
          "type": "icon",
          "assetId": "4x1VBdmad472",
          "checksum": "06041aff304664fc27ce41dcad8aa502"
        },
        {
          "type": "icon",
          "assetId": "ruz2iAvWyKDL",
          "checksum": "de3503deb32da58eba4395678bd43ad8"
        },
        {
          "type": "icon",
          "assetId": "ktUkrIzEHn60",
          "checksum": "7fe3722682c380e0d22fb0f4396963c1"
        },
        {
          "type": "icon",
          "assetId": "kkdU4BhAKA5V",
          "checksum": "ca297827f8cd1e74ea1b9e20f0ab6da6"
        },
        {
          "type": "icon",
          "assetId": "PjwBTi5ASL-H",
          "checksum": "b77e0f53aef71e9bb27fd4dd20ddaa0e"
        },
        {
          "type": "icon",
          "assetId": "zoeKNypSM5dd",
          "checksum": "d277d35a18fee911c97084b99e7173a1"
        },
        {
          "type": "icon",
          "assetId": "JW4DhVRYZeBr",
          "checksum": "bfc2f838a80af2f7d65e4ce3088c6a8d"
        },
        {
          "type": "icon",
          "assetId": "HasT9XkihB6b",
          "checksum": "a750447a3387c91c3e898757ceca17e8"
        },
        {
          "type": "icon",
          "assetId": "Fg7qiUQm0vu2",
          "checksum": "7d9461a599bbfed2b951ece321e39432"
        },
        {
          "type": "icon",
          "assetId": "WPzV1_mDebNy",
          "checksum": "fa17c1a157920c09ed1bf9a624777375"
        },
        {
          "type": "icon",
          "assetId": "OkOM1oQ-fUKr",
          "checksum": "2caaa642b0ec0fe55d8ed8d81f39e9ce"
        },
        {
          "type": "icon",
          "assetId": "zvACgdNZkKfW",
          "checksum": "f966ae237971e5bae8e51601747bd63c"
        },
        {
          "type": "icon",
          "assetId": "83rwDuVu9HUl",
          "checksum": "888779c43e525f5c8fc0329ac3517e44"
        },
        {
          "type": "icon",
          "assetId": "E1ZWYq6gnnO-",
          "checksum": "6e36848b57da8385805361c76fc6e6cd"
        },
        {
          "type": "icon",
          "assetId": "6RzvIvaVL8P6",
          "checksum": "dc32d8e1dbd309b423cd29879bba5232"
        },
        {
          "type": "icon",
          "assetId": "lrGhhg2u_tJW",
          "checksum": "d8a0068cdd368905d32693e5730ca133"
        },
        {
          "type": "icon",
          "assetId": "YXT9Yy5atg-n",
          "checksum": "0cc4d506aa9acbcbd976f9abe7ce54c8"
        },
        {
          "type": "icon",
          "assetId": "YjCEJrV8PlzL",
          "checksum": "212f7c4f7c4ceaeb6b688292b12419a9"
        },
        {
          "type": "icon",
          "assetId": "fu8cfZvd9Y6j",
          "checksum": "6cb2a141116a418992f5593dd71e0381"
        },
        {
          "type": "icon",
          "assetId": "NHQvuuv7q_zS",
          "checksum": "9c50207034e82ab99aec739a844014b9"
        },
        {
          "type": "icon",
          "assetId": "hBXgLVZQS2_K",
          "checksum": "a6ce0d200d9e7a5d036ee90dca0d3dfa"
        },
        {
          "type": "icon",
          "assetId": "pCQZ6FpubbCO",
          "checksum": "b1d9cfc5d291cd8345e0c3782ecc96ba"
        },
        {
          "type": "image",
          "assetId": "SRDglolg1hnB",
          "checksum": "2849df20ef51fac9af6383f9f71f950c"
        },
        {
          "type": "image",
          "assetId": "SXCfnBskjA7y",
          "checksum": "f29ecb5fe32998fd2c22fada83b4a8af"
        },
        {
          "type": "image",
          "assetId": "6jXqNNH1AMpI",
          "checksum": "7b390ec8fcc66aa00178adb317b42000"
        },
        {
          "type": "image",
          "assetId": "0YmmjkQrtHke",
          "checksum": "9a17eb9ca488387b1f6cc4cdda981833"
        },
        {
          "type": "image",
          "assetId": "zKkOWC7dAXJx",
          "checksum": "92e98c7e7c5c846baf3cb96cbd4e3c62"
        },
        {
          "type": "image",
          "assetId": "PBimViL15Ioz",
          "checksum": "05be9ef6d7188a9c773fc84eb3197f0d"
        },
        {
          "type": "image",
          "assetId": "YTXn21ooPBH4",
          "checksum": "d22681e30c5004cc266429acd685fdd2"
        },
        {
          "type": "image",
          "assetId": "8sEfNobHfzKs",
          "checksum": "893794de67d4bb82450278dd540c27fb"
        },
        {
          "type": "image",
          "assetId": "5E5vDWx6z5Kk",
          "checksum": "b40b24754e537cb20844aca04f02b6b6"
        },
        {
          "type": "image",
          "assetId": "JNK-ip_sKZef",
          "checksum": "2dcac7e235fe4717eee747a372470f4e"
        },
        {
          "type": "image",
          "assetId": "YFU6MDwGE-VM",
          "checksum": "b33f3f2181b002398405a8425c0bd6de"
        },
        {
          "type": "image",
          "assetId": "VFHx9WFS86_j",
          "checksum": "93f6fd82df0cfd09912087b3f1bd20d2"
        },
        {
          "type": "image",
          "assetId": "Ok_FsyrO30vS",
          "checksum": "c3b1a342b190751cf62d51b65c6170de"
        },
        {
          "type": "image",
          "assetId": "3ENpPH7YRfh3",
          "checksum": "811f33bb533aed0f86f9ad615d1c1d45"
        },
        {
          "type": "image",
          "assetId": "EVTK_I-lbWjR",
          "checksum": "909c7ea9554bf6c61f2ac1e248990e71"
        },
        {
          "type": "image",
          "assetId": "MuewJaFztnW2",
          "checksum": "a023fce8ed4c474bec2b4e3cfb293603"
        },
        {
          "type": "image",
          "assetId": "Yef48jI4wxTp",
          "checksum": "40b28139ca78fe3dd25236dd64ccab30"
        },
        {
          "type": "image",
          "assetId": "dCRIgWYWUK6I",
          "checksum": "a3492d17e1316f06a2e6c5db2a95c503"
        },
        {
          "type": "image",
          "assetId": "iCKxm8D34Hp-",
          "checksum": "88c951118eef67f6ecc84a830908397f"
        },
        {
          "type": "image",
          "assetId": "Qpu6uOvm3oM0",
          "checksum": "202babbab8935522c189ebe2771fc583"
        },
        {
          "type": "image",
          "assetId": "w2BLVwJ3F4yl",
          "checksum": "29d98c3ab09e78e5aa1c3770901691b9"
        },
        {
          "type": "image",
          "assetId": "NoQQHxgcBrnS",
          "checksum": "c1450dd481aa3a968fa0e6e7b69ce9bd"
        },
        {
          "type": "image",
          "assetId": "tVv2fifCFmuy",
          "checksum": "84b54e805b6777882b83ab229e9aca6f"
        },
        {
          "type": "image",
          "assetId": "TXCsz9oOtfvu",
          "checksum": "fa32cd6055865293430a426011b83fb9"
        },
        {
          "type": "image",
          "assetId": "_-ZZ1ia-UOTU",
          "checksum": "ff5702f5f0136c6e7f20e5904882e5fd"
        },
        {
          "type": "image",
          "assetId": "GUExPpLwYMsh",
          "checksum": "660d950b9461195e784ac2d778d1ec5a"
        },
        {
          "type": "image",
          "assetId": "8R_X0jIBcvjK",
          "checksum": "38e01f2d83943938c5aa22f027a268e6"
        },
        {
          "type": "image",
          "assetId": "-9JdCVAdQb1k",
          "checksum": "101b153a6ca35c3996cdc2e12ebe4ecc"
        },
        {
          "type": "image",
          "assetId": "SuFSYZf4b9s6",
          "checksum": "5b4d39d8dc8b9cf98ff989699e2c7f5a"
        },
        {
          "type": "image",
          "assetId": "eYxU-aTL7yMy",
          "checksum": "3b43138361ef528ab5b2d984db5f58ba"
        },
        {
          "type": "image",
          "assetId": "eMlOdSj3HA9w",
          "checksum": "dc41269b5154c974c0b147308ae2dfcd"
        },
        {
          "type": "image",
          "assetId": "S1H5jNHMk3zN",
          "checksum": "54c5d47a119a1a664a2bbc6a1cb69fab"
        },
        {
          "type": "image",
          "assetId": "89cHuV14sklY",
          "checksum": "de960342a4f9edcecdcbe82bb165691d"
        },
        {
          "type": "image",
          "assetId": "OfYHoLpp2Wce",
          "checksum": "3d5cd278a32be1ec8be3d444edefc254"
        },
        {
          "type": "image",
          "assetId": "87HZeUY0zYwW",
          "checksum": "f267f36788fe556a91e66f83676c866a"
        },
        {
          "type": "image",
          "assetId": "GdP-k9zgeRGr",
          "checksum": "f10722c3a6e0ea215e469853bfba0f49"
        },
        {
          "type": "image",
          "assetId": "1ShUZ0z-jyCG",
          "checksum": "22ae1a35ec99aa9f85bd6a5e32760707"
        },
        {
          "type": "image",
          "assetId": "UenkuvJHGB4L",
          "checksum": "e957bc67838d88b5ba6619f3714ec38f"
        },
        {
          "type": "image",
          "assetId": "MmfmAAedYO3C",
          "checksum": "6549b4323e0a9325092f1eba85854e84"
        },
        {
          "type": "image",
          "assetId": "fvQz0dMnohmR",
          "checksum": "f21d45814d3ddb12d0f60088e44c3fd7"
        },
        {
          "type": "image",
          "assetId": "9OjNvbRbob5p",
          "checksum": "ffde50e72a4a42d95e252a98952a0ba5"
        },
        {
          "type": "image",
          "assetId": "_Ex36BtI-APw",
          "checksum": "0333f484e48c38cb799af438edb38f3a"
        },
        {
          "type": "image",
          "assetId": "AVJBxjwpFOp0",
          "checksum": "1c1e82ad1af8d2cfa36a80f1d24b87d4"
        },
        {
          "type": "image",
          "assetId": "ezteRuA2rp2k",
          "checksum": "d4696aa14e45be8d2c8d9a8ff8a3ead4"
        },
        {
          "type": "image",
          "assetId": "hvybQqG6fpYG",
          "checksum": "745c061fbbf9efec456fa3cc39b14434"
        },
        {
          "type": "image",
          "assetId": "RLu_80xKqT9v",
          "checksum": "a0916874d5b71406989c23b2bfc223a3"
        },
        {
          "type": "image",
          "assetId": "dSjllxienjfd",
          "checksum": "bc4c3dcf92cd1b9e1f057af1bce8b350"
        },
        {
          "type": "image",
          "assetId": "ZUjSLR7uJHY3",
          "checksum": "10e9c4767319ea71978ea2d7c357fb5e"
        },
        {
          "type": "image",
          "assetId": "WU29vo3MHoBs",
          "checksum": "02a4d87e12eef03ab07261250bd219df"
        },
        {
          "type": "image",
          "assetId": "8yyBx-BEOrgy",
          "checksum": "b80243910dd4a5af957fe580fa3b487a"
        },
        {
          "type": "image",
          "assetId": "m9IyyvUfLOuV",
          "checksum": "66a7660768ce226e367931289f3ada8d"
        },
        {
          "type": "image",
          "assetId": "lIWMP2qproSG",
          "checksum": "751b944025f2b1065114cdc1e156155d"
        },
        {
          "type": "image",
          "assetId": "xXB0b2revbGf",
          "checksum": "a032f8750c66e7fa64fbbca54444e21f"
        },
        {
          "type": "image",
          "assetId": "HY8m07L-auau",
          "checksum": "7e8694df7e4c149fe6cb0af13de9db90"
        },
        {
          "type": "image",
          "assetId": "slt4ZecuW2FL",
          "checksum": "8c36009f8825779327f40fa05a93511d"
        },
        {
          "type": "image",
          "assetId": "HM_UQ7GfoeFL",
          "checksum": "b2cc53348caaa5b41db6be04ccd7fb92"
        },
        {
          "type": "image",
          "assetId": "KKgROxaloz_Q",
          "checksum": "4f85121bce6510a5b70565e0f795e09a"
        },
        {
          "type": "image",
          "assetId": "hT2xDLZqlQa1",
          "checksum": "c1c90209a6d256f85458bdd2b81fda1a"
        },
        {
          "type": "image",
          "assetId": "GyNm2xaqFCMq",
          "checksum": "0d421940447c92f38a184e556ecee334"
        }
      ],
      "codegenVersion": "0.0.1"
    }
  ],
  "cliVersion": "0.1.331"
}
